
Microsoft Visual Studio Solution File, Format Version 12.00
# Visual Studio Version 17
VisualStudioVersion = 17.5.33424.131
MinimumVisualStudioVersion = 10.0.40219.1
Project("{8BC9CEB8-8B4A-11D0-8D11-00A0C91BC942}") = "exes_2_107_C", "exes_2_107_C\exes_2_107_C.vcxproj", "{880ABA2C-96F1-4F6F-BE1C-FA19C5C05A1E}"
EndProject
Global
	GlobalSection(SolutionConfigurationPlatforms) = preSolution
		Debug|x64 = Debug|x64
		Debug|x86 = Debug|x86
		Release|x64 = Release|x64
		Release|x86 = Release|x86
	EndGlobalSection
	GlobalSection(ProjectConfigurationPlatforms) = postSolution
		{880ABA2C-96F1-4F6F-BE1C-FA19C5C05A1E}.Debug|x64.ActiveCfg = Debug|x64
		{880ABA2C-96F1-4F6F-BE1C-FA19C5C05A1E}.Debug|x64.Build.0 = Debug|x64
		{880ABA2C-96F1-4F6F-BE1C-FA19C5C05A1E}.Debug|x86.ActiveCfg = Debug|Win32
		{880ABA2C-96F1-4F6F-BE1C-FA19C5C05A1E}.Debug|x86.Build.0 = Debug|Win32
		{880ABA2C-96F1-4F6F-BE1C-FA19C5C05A1E}.Release|x64.ActiveCfg = Release|x64
		{880ABA2C-96F1-4F6F-BE1C-FA19C5C05A1E}.Release|x64.Build.0 = Release|x64
		{880ABA2C-96F1-4F6F-BE1C-FA19C5C05A1E}.Release|x86.ActiveCfg = Release|Win32
		{880ABA2C-96F1-4F6F-BE1C-FA19C5C05A1E}.Release|x86.Build.0 = Release|Win32
	EndGlobalSection
	GlobalSection(SolutionProperties) = preSolution
		HideSolutionNode = FALSE
	EndGlobalSection
	GlobalSection(ExtensibilityGlobals) = postSolution
		SolutionGuid = {45F7EF41-E5A0-4F9F-9599-B212DC4BF83B}
	EndGlobalSection
EndGlobal
